
Microsoft Visual Studio Solution File, Format Version 12.00
# Visual Studio Version 17
VisualStudioVersion = 17.1.32210.238
MinimumVisualStudioVersion = 10.0.40219.1
Project("{FAE04EC0-301F-11D3-BF4B-00C04F79EFBC}") = "MoodAnalyserProblem", "MoodAnalyserProblem\MoodAnalyserProblem.csproj", "{08CBA544-5DB1-4DDF-BDDC-D73CA81ADBDE}"
EndProject
Project("{FAE04EC0-301F-11D3-BF4B-00C04F79EFBC}") = "TestProject1", "TestProject1\TestProject1.csproj", "{FDA047DC-FA1E-4B7A-950C-2B2DC1FB8121}"
EndProject
Global
	GlobalSection(SolutionConfigurationPlatforms) = preSolution
		Debug|Any CPU = Debug|Any CPU
		Release|Any CPU = Release|Any CPU
	EndGlobalSection
	GlobalSection(ProjectConfigurationPlatforms) = postSolution
		{08CBA544-5DB1-4DDF-BDDC-D73CA81ADBDE}.Debug|Any CPU.ActiveCfg = Debug|Any CPU
		{08CBA544-5DB1-4DDF-BDDC-D73CA81ADBDE}.Debug|Any CPU.Build.0 = Debug|Any CPU
		{08CBA544-5DB1-4DDF-BDDC-D73CA81ADBDE}.Release|Any CPU.ActiveCfg = Release|Any CPU
		{08CBA544-5DB1-4DDF-BDDC-D73CA81ADBDE}.Release|Any CPU.Build.0 = Release|Any CPU
		{FDA047DC-FA1E-4B7A-950C-2B2DC1FB8121}.Debug|Any CPU.ActiveCfg = Debug|Any CPU
		{FDA047DC-FA1E-4B7A-950C-2B2DC1FB8121}.Debug|Any CPU.Build.0 = Debug|Any CPU
		{FDA047DC-FA1E-4B7A-950C-2B2DC1FB8121}.Release|Any CPU.ActiveCfg = Release|Any CPU
		{FDA047DC-FA1E-4B7A-950C-2B2DC1FB8121}.Release|Any CPU.Build.0 = Release|Any CPU
	EndGlobalSection
	GlobalSection(SolutionProperties) = preSolution
		HideSolutionNode = FALSE
	EndGlobalSection
	GlobalSection(ExtensibilityGlobals) = postSolution
		SolutionGuid = {C9BC09BC-9080-43E5-B453-4549D2667ADB}
	EndGlobalSection
EndGlobal
